
Microsoft Visual Studio Solution File, Format Version 12.00
# Visual Studio Version 16
VisualStudioVersion = 16.0.31129.286
MinimumVisualStudioVersion = 10.0.40219.1
Project("{8BC9CEB8-8B4A-11D0-8D11-00A0C91BC942}") = "DotNetCLR", "DotNetCLR\DotNetCLR.vcxproj", "{622B53C2-5188-4F2D-90F0-47DB006070FC}"
EndProject
Project("{FAE04EC0-301F-11D3-BF4B-00C04F79EFBC}") = "ProxyGenerator", "ProxyGenerator\ProxyGenerator.csproj", "{7809742A-EAF2-43C7-9F14-52928C66BBAA}"
EndProject
Global
	GlobalSection(SolutionConfigurationPlatforms) = preSolution
		Debug|Any CPU = Debug|Any CPU
		Debug|x64 = Debug|x64
		Debug|x86 = Debug|x86
		Release|Any CPU = Release|Any CPU
		Release|x64 = Release|x64
		Release|x86 = Release|x86
	EndGlobalSection
	GlobalSection(ProjectConfigurationPlatforms) = postSolution
		{622B53C2-5188-4F2D-90F0-47DB006070FC}.Debug|Any CPU.ActiveCfg = Debug|Win32
		{622B53C2-5188-4F2D-90F0-47DB006070FC}.Debug|x64.ActiveCfg = Debug|x64
		{622B53C2-5188-4F2D-90F0-47DB006070FC}.Debug|x64.Build.0 = Debug|x64
		{622B53C2-5188-4F2D-90F0-47DB006070FC}.Debug|x86.ActiveCfg = Debug|Win32
		{622B53C2-5188-4F2D-90F0-47DB006070FC}.Debug|x86.Build.0 = Debug|Win32
		{622B53C2-5188-4F2D-90F0-47DB006070FC}.Release|Any CPU.ActiveCfg = Release|x64
		{622B53C2-5188-4F2D-90F0-47DB006070FC}.Release|Any CPU.Build.0 = Release|x64
		{622B53C2-5188-4F2D-90F0-47DB006070FC}.Release|x64.ActiveCfg = Release|x64
		{622B53C2-5188-4F2D-90F0-47DB006070FC}.Release|x64.Build.0 = Release|x64
		{622B53C2-5188-4F2D-90F0-47DB006070FC}.Release|x86.ActiveCfg = Release|Win32
		{622B53C2-5188-4F2D-90F0-47DB006070FC}.Release|x86.Build.0 = Release|Win32
		{7809742A-EAF2-43C7-9F14-52928C66BBAA}.Debug|Any CPU.ActiveCfg = Debug|Any CPU
		{7809742A-EAF2-43C7-9F14-52928C66BBAA}.Debug|Any CPU.Build.0 = Debug|Any CPU
		{7809742A-EAF2-43C7-9F14-52928C66BBAA}.Debug|x64.ActiveCfg = Debug|Any CPU
		{7809742A-EAF2-43C7-9F14-52928C66BBAA}.Debug|x64.Build.0 = Debug|Any CPU
		{7809742A-EAF2-43C7-9F14-52928C66BBAA}.Debug|x86.ActiveCfg = Debug|Any CPU
		{7809742A-EAF2-43C7-9F14-52928C66BBAA}.Debug|x86.Build.0 = Debug|Any CPU
		{7809742A-EAF2-43C7-9F14-52928C66BBAA}.Release|Any CPU.ActiveCfg = Release|Any CPU
		{7809742A-EAF2-43C7-9F14-52928C66BBAA}.Release|Any CPU.Build.0 = Release|Any CPU
		{7809742A-EAF2-43C7-9F14-52928C66BBAA}.Release|x64.ActiveCfg = Release|Any CPU
		{7809742A-EAF2-43C7-9F14-52928C66BBAA}.Release|x64.Build.0 = Release|Any CPU
		{7809742A-EAF2-43C7-9F14-52928C66BBAA}.Release|x86.ActiveCfg = Release|Any CPU
		{7809742A-EAF2-43C7-9F14-52928C66BBAA}.Release|x86.Build.0 = Release|Any CPU
	EndGlobalSection
	GlobalSection(SolutionProperties) = preSolution
		HideSolutionNode = FALSE
	EndGlobalSection
	GlobalSection(ExtensibilityGlobals) = postSolution
		SolutionGuid = {04B2C754-6F5D-410A-AF02-B3BA08E97B59}
	EndGlobalSection
EndGlobal
